
Microsoft Visual Studio Solution File, Format Version 12.00
# Visual Studio Version 16
VisualStudioVersion = 16.0.29609.76
MinimumVisualStudioVersion = 10.0.40219.1
Project("{FAE04EC0-301F-11D3-BF4B-00C04F79EFBC}") = "GeometryLib", "Degree\GeometryLib.csproj", "{4145D4FC-B854-4672-82A5-B5CE4386E774}"
EndProject
Project("{FAE04EC0-301F-11D3-BF4B-00C04F79EFBC}") = "GeometryTests", "UnitTestProject1\GeometryTests.csproj", "{77694403-5C88-4FA0-AA91-CB7A56ACCE42}"
EndProject
Project("{FAE04EC0-301F-11D3-BF4B-00C04F79EFBC}") = "Test", "Degrees\Test.csproj", "{07F4877D-7BCD-4CEA-B67B-8DEC3133377C}"
EndProject
Global
	GlobalSection(SolutionConfigurationPlatforms) = preSolution
		Debug|Any CPU = Debug|Any CPU
		Release|Any CPU = Release|Any CPU
	EndGlobalSection
	GlobalSection(ProjectConfigurationPlatforms) = postSolution
		{4145D4FC-B854-4672-82A5-B5CE4386E774}.Debug|Any CPU.ActiveCfg = Debug|Any CPU
		{4145D4FC-B854-4672-82A5-B5CE4386E774}.Debug|Any CPU.Build.0 = Debug|Any CPU
		{4145D4FC-B854-4672-82A5-B5CE4386E774}.Release|Any CPU.ActiveCfg = Release|Any CPU
		{4145D4FC-B854-4672-82A5-B5CE4386E774}.Release|Any CPU.Build.0 = Release|Any CPU
		{77694403-5C88-4FA0-AA91-CB7A56ACCE42}.Debug|Any CPU.ActiveCfg = Debug|Any CPU
		{77694403-5C88-4FA0-AA91-CB7A56ACCE42}.Debug|Any CPU.Build.0 = Debug|Any CPU
		{77694403-5C88-4FA0-AA91-CB7A56ACCE42}.Release|Any CPU.ActiveCfg = Release|Any CPU
		{77694403-5C88-4FA0-AA91-CB7A56ACCE42}.Release|Any CPU.Build.0 = Release|Any CPU
		{07F4877D-7BCD-4CEA-B67B-8DEC3133377C}.Debug|Any CPU.ActiveCfg = Debug|Any CPU
		{07F4877D-7BCD-4CEA-B67B-8DEC3133377C}.Debug|Any CPU.Build.0 = Debug|Any CPU
		{07F4877D-7BCD-4CEA-B67B-8DEC3133377C}.Release|Any CPU.ActiveCfg = Release|Any CPU
		{07F4877D-7BCD-4CEA-B67B-8DEC3133377C}.Release|Any CPU.Build.0 = Release|Any CPU
	EndGlobalSection
	GlobalSection(SolutionProperties) = preSolution
		HideSolutionNode = FALSE
	EndGlobalSection
	GlobalSection(ExtensibilityGlobals) = postSolution
		SolutionGuid = {09D5E9D6-23D7-4DF5-93CB-D7BF2C66FE1F}
	EndGlobalSection
EndGlobal
